
Microsoft Visual Studio Solution File, Format Version 12.00
# Visual Studio Version 16
VisualStudioVersion = 16.0.31005.135
MinimumVisualStudioVersion = 10.0.40219.1
Project("{FAE04EC0-301F-11D3-BF4B-00C04F79EFBC}") = "Factory-Method", "Factory-Method\Factory-Method.csproj", "{9C605E1E-888D-4440-9F34-E6A5A2E49F3D}"
EndProject
Global
	GlobalSection(SolutionConfigurationPlatforms) = preSolution
		Debug|Any CPU = Debug|Any CPU
		Release|Any CPU = Release|Any CPU
	EndGlobalSection
	GlobalSection(ProjectConfigurationPlatforms) = postSolution
		{9C605E1E-888D-4440-9F34-E6A5A2E49F3D}.Debug|Any CPU.ActiveCfg = Debug|Any CPU
		{9C605E1E-888D-4440-9F34-E6A5A2E49F3D}.Debug|Any CPU.Build.0 = Debug|Any CPU
		{9C605E1E-888D-4440-9F34-E6A5A2E49F3D}.Release|Any CPU.ActiveCfg = Release|Any CPU
		{9C605E1E-888D-4440-9F34-E6A5A2E49F3D}.Release|Any CPU.Build.0 = Release|Any CPU
	EndGlobalSection
	GlobalSection(SolutionProperties) = preSolution
		HideSolutionNode = FALSE
	EndGlobalSection
	GlobalSection(ExtensibilityGlobals) = postSolution
		SolutionGuid = {B3D6865B-E32C-4C49-BC55-B00BDFA226DA}
	EndGlobalSection
EndGlobal
